// !$*UTF8*$!
{
	archiveVersion = 1;
	classes = {
	};
	objectVersion = 46;
	objects = {

/* Begin PBXBuildFile section */
		8F38739A1A441B0100BF22EF /* Foundation.framework in Frameworks */ = {isa = PBXBuildFile; fileRef = 8F3873991A441B0100BF22EF /* Foundation.framework */; };
		8F38739C1A441B0100BF22EF /* CoreGraphics.framework in Frameworks */ = {isa = PBXBuildFile; fileRef = 8F38739B1A441B0100BF22EF /* CoreGraphics.framework */; };
		8F38739E1A441B0100BF22EF /* UIKit.framework in Frameworks */ = {isa = PBXBuildFile; fileRef = 8F38739D1A441B0100BF22EF /* UIKit.framework */; };
		8F3873A41A441B0100BF22EF /* InfoPlist.strings in Resources */ = {isa = PBXBuildFile; fileRef = 8F3873A21A441B0100BF22EF /* InfoPlist.strings */; };
		8F3873A61A441B0100BF22EF /* main.m in Sources */ = {isa = PBXBuildFile; fileRef = 8F3873A51A441B0100BF22EF /* main.m */; };
		8F3873AA1A441B0100BF22EF /* AppDelegate.m in Sources */ = {isa = PBXBuildFile; fileRef = 8F3873A91A441B0100BF22EF /* AppDelegate.m */; };
		8F3873B21A441B0200BF22EF /* Images.xcassets in Resources */ = {isa = PBXBuildFile; fileRef = 8F3873B11A441B0200BF22EF /* Images.xcassets */; };
		8F3873B91A441B0200BF22EF /* XCTest.framework in Frameworks */ = {isa = PBXBuildFile; fileRef = 8F3873B81A441B0200BF22EF /* XCTest.framework */; };
		8F3873BA1A441B0200BF22EF /* Foundation.framework in Frameworks */ = {isa = PBXBuildFile; fileRef = 8F3873991A441B0100BF22EF /* Foundation.framework */; };
		8F3873BB1A441B0200BF22EF /* UIKit.framework in Frameworks */ = {isa = PBXBuildFile; fileRef = 8F38739D1A441B0100BF22EF /* UIKit.framework */; };
		8F3873C31A441B0200BF22EF /* InfoPlist.strings in Resources */ = {isa = PBXBuildFile; fileRef = 8F3873C11A441B0200BF22EF /* InfoPlist.strings */; };
		8F3873C51A441B0200BF22EF /* Restaurant_ListTests.m in Sources */ = {isa = PBXBuildFile; fileRef = 8F3873C41A441B0200BF22EF /* Restaurant_ListTests.m */; };
		8F3873D11A441B9600BF22EF /* RestaurantListViewController.m in Sources */ = {isa = PBXBuildFile; fileRef = 8F3873CF1A441B9600BF22EF /* RestaurantListViewController.m */; };
		8F3873D21A441B9600BF22EF /* RestaurantListViewController.xib in Resources */ = {isa = PBXBuildFile; fileRef = 8F3873D01A441B9600BF22EF /* RestaurantListViewController.xib */; };
		8FD11B941A4421DC00C305FD /* AFNetworkActivityIndicatorManager.m in Sources */ = {isa = PBXBuildFile; fileRef = 8FD11B841A4421DC00C305FD /* AFNetworkActivityIndicatorManager.m */; };
		8FD11B951A4421DC00C305FD /* UIActivityIndicatorView+AFNetworking.m in Sources */ = {isa = PBXBuildFile; fileRef = 8FD11B861A4421DC00C305FD /* UIActivityIndicatorView+AFNetworking.m */; };
		8FD11B961A4421DC00C305FD /* UIAlertView+AFNetworking.m in Sources */ = {isa = PBXBuildFile; fileRef = 8FD11B881A4421DC00C305FD /* UIAlertView+AFNetworking.m */; };
		8FD11B971A4421DC00C305FD /* UIButton+AFNetworking.m in Sources */ = {isa = PBXBuildFile; fileRef = 8FD11B8A1A4421DC00C305FD /* UIButton+AFNetworking.m */; };
		8FD11B981A4421DC00C305FD /* UIImageView+AFNetworking.m in Sources */ = {isa = PBXBuildFile; fileRef = 8FD11B8C1A4421DC00C305FD /* UIImageView+AFNetworking.m */; };
		8FD11B991A4421DC00C305FD /* UIProgressView+AFNetworking.m in Sources */ = {isa = PBXBuildFile; fileRef = 8FD11B8F1A4421DC00C305FD /* UIProgressView+AFNetworking.m */; };
		8FD11B9A1A4421DC00C305FD /* UIRefreshControl+AFNetworking.m in Sources */ = {isa = PBXBuildFile; fileRef = 8FD11B911A4421DC00C305FD /* UIRefreshControl+AFNetworking.m */; };
		8FD11B9B1A4421DC00C305FD /* UIWebView+AFNetworking.m in Sources */ = {isa = PBXBuildFile; fileRef = 8FD11B931A4421DC00C305FD /* UIWebView+AFNetworking.m */; };
		8FD11BAF1A4421F200C305FD /* AFHTTPRequestOperation.m in Sources */ = {isa = PBXBuildFile; fileRef = 8FD11B9D1A4421F200C305FD /* AFHTTPRequestOperation.m */; };
		8FD11BB01A4421F200C305FD /* AFHTTPRequestOperationManager.m in Sources */ = {isa = PBXBuildFile; fileRef = 8FD11B9F1A4421F200C305FD /* AFHTTPRequestOperationManager.m */; };
		8FD11BB11A4421F200C305FD /* AFHTTPSessionManager.m in Sources */ = {isa = PBXBuildFile; fileRef = 8FD11BA11A4421F200C305FD /* AFHTTPSessionManager.m */; };
		8FD11BB21A4421F200C305FD /* AFNetworkReachabilityManager.m in Sources */ = {isa = PBXBuildFile; fileRef = 8FD11BA41A4421F200C305FD /* AFNetworkReachabilityManager.m */; };
		8FD11BB31A4421F200C305FD /* AFSecurityPolicy.m in Sources */ = {isa = PBXBuildFile; fileRef = 8FD11BA61A4421F200C305FD /* AFSecurityPolicy.m */; };
		8FD11BB41A4421F200C305FD /* AFURLConnectionOperation.m in Sources */ = {isa = PBXBuildFile; fileRef = 8FD11BA81A4421F200C305FD /* AFURLConnectionOperation.m */; };
		8FD11BB51A4421F200C305FD /* AFURLRequestSerialization.m in Sources */ = {isa = PBXBuildFile; fileRef = 8FD11BAA1A4421F200C305FD /* AFURLRequestSerialization.m */; };
		8FD11BB61A4421F200C305FD /* AFURLResponseSerialization.m in Sources */ = {isa = PBXBuildFile; fileRef = 8FD11BAC1A4421F200C305FD /* AFURLResponseSerialization.m */; };
		8FD11BB71A4421F200C305FD /* AFURLSessionManager.m in Sources */ = {isa = PBXBuildFile; fileRef = 8FD11BAE1A4421F200C305FD /* AFURLSessionManager.m */; };
		8FD11BBA1A44419D00C305FD /* navbar.png in Resources */ = {isa = PBXBuildFile; fileRef = 8FD11BB91A44419D00C305FD /* navbar.png */; };
		8FD11BBC1A44C5B500C305FD /* CoreLocation.framework in Frameworks */ = {isa = PBXBuildFile; fileRef = 8FD11BBB1A44C5B500C305FD /* CoreLocation.framework */; };
		8FD39A241A453A2300644414 /* bars for menu.png in Resources */ = {isa = PBXBuildFile; fileRef = 8FD39A231A453A2300644414 /* bars for menu.png */; };
		8FD39A261A462C4B00644414 /* location.png in Resources */ = {isa = PBXBuildFile; fileRef = 8FD39A251A462C4B00644414 /* location.png */; };
		8FD39A281A462C5600644414 /* current_location.png in Resources */ = {isa = PBXBuildFile; fileRef = 8FD39A271A462C5600644414 /* current_location.png */; };
/* End PBXBuildFile section */

/* Begin PBXContainerItemProxy section */
		8F3873BC1A441B0200BF22EF /* PBXContainerItemProxy */ = {
			isa = PBXContainerItemProxy;
			containerPortal = 8F38738E1A441B0100BF22EF /* Project object */;
			proxyType = 1;
			remoteGlobalIDString = 8F3873951A441B0100BF22EF;
			remoteInfo = "Restaurant List";
		};
/* End PBXContainerItemProxy section */

/* Begin PBXFileReference section */
		8F3873961A441B0100BF22EF /* Restaurant List.app */ = {isa = PBXFileReference; explicitFileType = wrapper.application; includeInIndex = 0; path = "Restaurant List.app"; sourceTree = BUILT_PRODUCTS_DIR; };
		8F3873991A441B0100BF22EF /* Foundation.framework */ = {isa = PBXFileReference; lastKnownFileType = wrapper.framework; name = Foundation.framework; path = System/Library/Frameworks/Foundation.framework; sourceTree = SDKROOT; };
		8F38739B1A441B0100BF22EF /* CoreGraphics.framework */ = {isa = PBXFileReference; lastKnownFileType = wrapper.framework; name = CoreGraphics.framework; path = System/Library/Frameworks/CoreGraphics.framework; sourceTree = SDKROOT; };
		8F38739D1A441B0100BF22EF /* UIKit.framework */ = {isa = PBXFileReference; lastKnownFileType = wrapper.framework; name = UIKit.framework; path = System/Library/Frameworks/UIKit.framework; sourceTree = SDKROOT; };
		8F3873A11A441B0100BF22EF /* Restaurant List-Info.plist */ = {isa = PBXFileReference; lastKnownFileType = text.plist.xml; path = "Restaurant List-Info.plist"; sourceTree = "<group>"; };
		8F3873A31A441B0100BF22EF /* en */ = {isa = PBXFileReference; lastKnownFileType = text.plist.strings; name = en; path = en.lproj/InfoPlist.strings; sourceTree = "<group>"; };
		8F3873A51A441B0100BF22EF /* main.m */ = {isa = PBXFileReference; lastKnownFileType = sourcecode.c.objc; path = main.m; sourceTree = "<group>"; };
		8F3873A71A441B0100BF22EF /* Restaurant List-Prefix.pch */ = {isa = PBXFileReference; lastKnownFileType = sourcecode.c.h; path = "Restaurant List-Prefix.pch"; sourceTree = "<group>"; };
		8F3873A81A441B0100BF22EF /* AppDelegate.h */ = {isa = PBXFileReference; lastKnownFileType = sourcecode.c.h; path = AppDelegate.h; sourceTree = "<group>"; };
		8F3873A91A441B0100BF22EF /* AppDelegate.m */ = {isa = PBXFileReference; lastKnownFileType = sourcecode.c.objc; path = AppDelegate.m; sourceTree = "<group>"; };
		8F3873B11A441B0200BF22EF /* Images.xcassets */ = {isa = PBXFileReference; lastKnownFileType = folder.assetcatalog; path = Images.xcassets; sourceTree = "<group>"; };
		8F3873B71A441B0200BF22EF /* Restaurant ListTests.xctest */ = {isa = PBXFileReference; explicitFileType = wrapper.cfbundle; includeInIndex = 0; path = "Restaurant ListTests.xctest"; sourceTree = BUILT_PRODUCTS_DIR; };
		8F3873B81A441B0200BF22EF /* XCTest.framework */ = {isa = PBXFileReference; lastKnownFileType = wrapper.framework; name = XCTest.framework; path = Library/Frameworks/XCTest.framework; sourceTree = DEVELOPER_DIR; };
		8F3873C01A441B0200BF22EF /* Restaurant ListTests-Info.plist */ = {isa = PBXFileReference; lastKnownFileType = text.plist.xml; path = "Restaurant ListTests-Info.plist"; sourceTree = "<group>"; };
		8F3873C21A441B0200BF22EF /* en */ = {isa = PBXFileReference; lastKnownFileType = text.plist.strings; name = en; path = en.lproj/InfoPlist.strings; sourceTree = "<group>"; };
		8F3873C41A441B0200BF22EF /* Restaurant_ListTests.m */ = {isa = PBXFileReference; lastKnownFileType = sourcecode.c.objc; path = Restaurant_ListTests.m; sourceTree = "<group>"; };
		8F3873CE1A441B9600BF22EF /* RestaurantListViewController.h */ = {isa = PBXFileReference; fileEncoding = 4; lastKnownFileType = sourcecode.c.h; path = RestaurantListViewController.h; sourceTree = "<group>"; };
		8F3873CF1A441B9600BF22EF /* RestaurantListViewController.m */ = {isa = PBXFileReference; fileEncoding = 4; lastKnownFileType = sourcecode.c.objc; path = RestaurantListViewController.m; sourceTree = "<group>"; };
		8F3873D01A441B9600BF22EF /* RestaurantListViewController.xib */ = {isa = PBXFileReference; fileEncoding = 4; lastKnownFileType = file.xib; path = RestaurantListViewController.xib; sourceTree = "<group>"; };
		8FD11B831A4421DC00C305FD /* AFNetworkActivityIndicatorManager.h */ = {isa = PBXFileReference; fileEncoding = 4; lastKnownFileType = sourcecode.c.h; name = AFNetworkActivityIndicatorManager.h; path = "UIKit+AFNetworking/AFNetworkActivityIndicatorManager.h"; sourceTree = "<group>"; };
		8FD11B841A4421DC00C305FD /* AFNetworkActivityIndicatorManager.m */ = {isa = PBXFileReference; fileEncoding = 4; lastKnownFileType = sourcecode.c.objc; name = AFNetworkActivityIndicatorManager.m; path = "UIKit+AFNetworking/AFNetworkActivityIndicatorManager.m"; sourceTree = "<group>"; };
		8FD11B851A4421DC00C305FD /* UIActivityIndicatorView+AFNetworking.h */ = {isa = PBXFileReference; fileEncoding = 4; lastKnownFileType = sourcecode.c.h; name = "UIActivityIndicatorView+AFNetworking.h"; path = "UIKit+AFNetworking/UIActivityIndicatorView+AFNetworking.h"; sourceTree = "<group>"; };
		8FD11B861A4421DC00C305FD /* UIActivityIndicatorView+AFNetworking.m */ = {isa = PBXFileReference; fileEncoding = 4; lastKnownFileType = sourcecode.c.objc; name = "UIActivityIndicatorView+AFNetworking.m"; path = "UIKit+AFNetworking/UIActivityIndicatorView+AFNetworking.m"; sourceTree = "<group>"; };
		8FD11B871A4421DC00C305FD /* UIAlertView+AFNetworking.h */ = {isa = PBXFileReference; fileEncoding = 4; lastKnownFileType = sourcecode.c.h; name = "UIAlertView+AFNetworking.h"; path = "UIKit+AFNetworking/UIAlertView+AFNetworking.h"; sourceTree = "<group>"; };
		8FD11B881A4421DC00C305FD /* UIAlertView+AFNetworking.m */ = {isa = PBXFileReference; fileEncoding = 4; lastKnownFileType = sourcecode.c.objc; name = "UIAlertView+AFNetworking.m"; path = "UIKit+AFNetworking/UIAlertView+AFNetworking.m"; sourceTree = "<group>"; };
		8FD11B891A4421DC00C305FD /* UIButton+AFNetworking.h */ = {isa = PBXFileReference; fileEncoding = 4; lastKnownFileType = sourcecode.c.h; name = "UIButton+AFNetworking.h"; path = "UIKit+AFNetworking/UIButton+AFNetworking.h"; sourceTree = "<group>"; };
		8FD11B8A1A4421DC00C305FD /* UIButton+AFNetworking.m */ = {isa = PBXFileReference; fileEncoding = 4; lastKnownFileType = sourcecode.c.objc; name = "UIButton+AFNetworking.m"; path = "UIKit+AFNetworking/UIButton+AFNetworking.m"; sourceTree = "<group>"; };
		8FD11B8B1A4421DC00C305FD /* UIImageView+AFNetworking.h */ = {isa = PBXFileReference; fileEncoding = 4; lastKnownFileType = sourcecode.c.h; name = "UIImageView+AFNetworking.h"; path = "UIKit+AFNetworking/UIImageView+AFNetworking.h"; sourceTree = "<group>"; };
		8FD11B8C1A4421DC00C305FD /* UIImageView+AFNetworking.m */ = {isa = PBXFileReference; fileEncoding = 4; lastKnownFileType = sourcecode.c.objc; name = "UIImageView+AFNetworking.m"; path = "UIKit+AFNetworking/UIImageView+AFNetworking.m"; sourceTree = "<group>"; };
		8FD11B8D1A4421DC00C305FD /* UIKit+AFNetworking.h */ = {isa = PBXFileReference; fileEncoding = 4; lastKnownFileType = sourcecode.c.h; name = "UIKit+AFNetworking.h"; path = "UIKit+AFNetworking/UIKit+AFNetworking.h"; sourceTree = "<group>"; };
		8FD11B8E1A4421DC00C305FD /* UIProgressView+AFNetworking.h */ = {isa = PBXFileReference; fileEncoding = 4; lastKnownFileType = sourcecode.c.h; name = "UIProgressView+AFNetworking.h"; path = "UIKit+AFNetworking/UIProgressView+AFNetworking.h"; sourceTree = "<group>"; };
		8FD11B8F1A4421DC00C305FD /* UIProgressView+AFNetworking.m */ = {isa = PBXFileReference; fileEncoding = 4; lastKnownFileType = sourcecode.c.objc; name = "UIProgressView+AFNetworking.m"; path = "UIKit+AFNetworking/UIProgressView+AFNetworking.m"; sourceTree = "<group>"; };
		8FD11B901A4421DC00C305FD /* UIRefreshControl+AFNetworking.h */ = {isa = PBXFileReference; fileEncoding = 4; lastKnownFileType = sourcecode.c.h; name = "UIRefreshControl+AFNetworking.h"; path = "UIKit+AFNetworking/UIRefreshControl+AFNetworking.h"; sourceTree = "<group>"; };
		8FD11B911A4421DC00C305FD /* UIRefreshControl+AFNetworking.m */ = {isa = PBXFileReference; fileEncoding = 4; lastKnownFileType = sourcecode.c.objc; name = "UIRefreshControl+AFNetworking.m"; path = "UIKit+AFNetworking/UIRefreshControl+AFNetworking.m"; sourceTree = "<group>"; };
		8FD11B921A4421DC00C305FD /* UIWebView+AFNetworking.h */ = {isa = PBXFileReference; fileEncoding = 4; lastKnownFileType = sourcecode.c.h; name = "UIWebView+AFNetworking.h"; path = "UIKit+AFNetworking/UIWebView+AFNetworking.h"; sourceTree = "<group>"; };
		8FD11B931A4421DC00C305FD /* UIWebView+AFNetworking.m */ = {isa = PBXFileReference; fileEncoding = 4; lastKnownFileType = sourcecode.c.objc; name = "UIWebView+AFNetworking.m"; path = "UIKit+AFNetworking/UIWebView+AFNetworking.m"; sourceTree = "<group>"; };
		8FD11B9C1A4421F200C305FD /* AFHTTPRequestOperation.h */ = {isa = PBXFileReference; fileEncoding = 4; lastKnownFileType = sourcecode.c.h; name = AFHTTPRequestOperation.h; path = AFNetworking/AFHTTPRequestOperation.h; sourceTree = "<group>"; };
		8FD11B9D1A4421F200C305FD /* AFHTTPRequestOperation.m */ = {isa = PBXFileReference; fileEncoding = 4; lastKnownFileType = sourcecode.c.objc; name = AFHTTPRequestOperation.m; path = AFNetworking/AFHTTPRequestOperation.m; sourceTree = "<group>"; };
		8FD11B9E1A4421F200C305FD /* AFHTTPRequestOperationManager.h */ = {isa = PBXFileReference; fileEncoding = 4; lastKnownFileType = sourcecode.c.h; name = AFHTTPRequestOperationManager.h; path = AFNetworking/AFHTTPRequestOperationManager.h; sourceTree = "<group>"; };
		8FD11B9F1A4421F200C305FD /* AFHTTPRequestOperationManager.m */ = {isa = PBXFileReference; fileEncoding = 4; lastKnownFileType = sourcecode.c.objc; name = AFHTTPRequestOperationManager.m; path = AFNetworking/AFHTTPRequestOperationManager.m; sourceTree = "<group>"; };
		8FD11BA01A4421F200C305FD /* AFHTTPSessionManager.h */ = {isa = PBXFileReference; fileEncoding = 4; lastKnownFileType = sourcecode.c.h; name = AFHTTPSessionManager.h; path = AFNetworking/AFHTTPSessionManager.h; sourceTree = "<group>"; };
		8FD11BA11A4421F200C305FD /* AFHTTPSessionManager.m */ = {isa = PBXFileReference; fileEncoding = 4; lastKnownFileType = sourcecode.c.objc; name = AFHTTPSessionManager.m; path = AFNetworking/AFHTTPSessionManager.m; sourceTree = "<group>"; };
		8FD11BA21A4421F200C305FD /* AFNetworking.h */ = {isa = PBXFileReference; fileEncoding = 4; lastKnownFileType = sourcecode.c.h; name = AFNetworking.h; path = AFNetworking/AFNetworking.h; sourceTree = "<group>"; };
		8FD11BA31A4421F200C305FD /* AFNetworkReachabilityManager.h */ = {isa = PBXFileReference; fileEncoding = 4; lastKnownFileType = sourcecode.c.h; name = AFNetworkReachabilityManager.h; path = AFNetworking/AFNetworkReachabilityManager.h; sourceTree = "<group>"; };
		8FD11BA41A4421F200C305FD /* AFNetworkReachabilityManager.m */ = {isa = PBXFileReference; fileEncoding = 4; lastKnownFileType = sourcecode.c.objc; name = AFNetworkReachabilityManager.m; path = AFNetworking/AFNetworkReachabilityManager.m; sourceTree = "<group>"; };
		8FD11BA51A4421F200C305FD /* AFSecurityPolicy.h */ = {isa = PBXFileReference; fileEncoding = 4; lastKnownFileType = sourcecode.c.h; name = AFSecurityPolicy.h; path = AFNetworking/AFSecurityPolicy.h; sourceTree = "<group>"; };
		8FD11BA61A4421F200C305FD /* AFSecurityPolicy.m */ = {isa = PBXFileReference; fileEncoding = 4; lastKnownFileType = sourcecode.c.objc; name = AFSecurityPolicy.m; path = AFNetworking/AFSecurityPolicy.m; sourceTree = "<group>"; };
		8FD11BA71A4421F200C305FD /* AFURLConnectionOperation.h */ = {isa = PBXFileReference; fileEncoding = 4; lastKnownFileType = sourcecode.c.h; name = AFURLConnectionOperation.h; path = AFNetworking/AFURLConnectionOperation.h; sourceTree = "<group>"; };
		8FD11BA81A4421F200C305FD /* AFURLConnectionOperation.m */ = {isa = PBXFileReference; fileEncoding = 4; lastKnownFileType = sourcecode.c.objc; name = AFURLConnectionOperation.m; path = AFNetworking/AFURLConnectionOperation.m; sourceTree = "<group>"; };
		8FD11BA91A4421F200C305FD /* AFURLRequestSerialization.h */ = {isa = PBXFileReference; fileEncoding = 4; lastKnownFileType = sourcecode.c.h; name = AFURLRequestSerialization.h; path = AFNetworking/AFURLRequestSerialization.h; sourceTree = "<group>"; };
		8FD11BAA1A4421F200C305FD /* AFURLRequestSerialization.m */ = {isa = PBXFileReference; fileEncoding = 4; lastKnownFileType = sourcecode.c.objc; name = AFURLRequestSerialization.m; path = AFNetworking/AFURLRequestSerialization.m; sourceTree = "<group>"; };
		8FD11BAB1A4421F200C305FD /* AFURLResponseSerialization.h */ = {isa = PBXFileReference; fileEncoding = 4; lastKnownFileType = sourcecode.c.h; name = AFURLResponseSerialization.h; path = AFNetworking/AFURLResponseSerialization.h; sourceTree = "<group>"; };
		8FD11BAC1A4421F200C305FD /* AFURLResponseSerialization.m */ = {isa = PBXFileReference; fileEncoding = 4; lastKnownFileType = sourcecode.c.objc; name = AFURLResponseSerialization.m; path = AFNetworking/AFURLResponseSerialization.m; sourceTree = "<group>"; };
		8FD11BAD1A4421F200C305FD /* AFURLSessionManager.h */ = {isa = PBXFileReference; fileEncoding = 4; lastKnownFileType = sourcecode.c.h; name = AFURLSessionManager.h; path = AFNetworking/AFURLSessionManager.h; sourceTree = "<group>"; };
		8FD11BAE1A4421F200C305FD /* AFURLSessionManager.m */ = {isa = PBXFileReference; fileEncoding = 4; lastKnownFileType = sourcecode.c.objc; name = AFURLSessionManager.m; path = AFNetworking/AFURLSessionManager.m; sourceTree = "<group>"; };
		8FD11BB91A44419D00C305FD /* navbar.png */ = {isa = PBXFileReference; lastKnownFileType = image.png; path = navbar.png; sourceTree = "<group>"; };
		8FD11BBB1A44C5B500C305FD /* CoreLocation.framework */ = {isa = PBXFileReference; lastKnownFileType = wrapper.framework; name = CoreLocation.framework; path = System/Library/Frameworks/CoreLocation.framework; sourceTree = SDKROOT; };
		8FD39A231A453A2300644414 /* bars for menu.png */ = {isa = PBXFileReference; lastKnownFileType = image.png; path = "bars for menu.png"; sourceTree = "<group>"; };
		8FD39A251A462C4B00644414 /* location.png */ = {isa = PBXFileReference; lastKnownFileType = image.png; path = location.png; sourceTree = "<group>"; };
		8FD39A271A462C5600644414 /* current_location.png */ = {isa = PBXFileReference; lastKnownFileType = image.png; path = current_location.png; sourceTree = "<group>"; };
/* End PBXFileReference section */

/* Begin PBXFrameworksBuildPhase section */
		8F3873931A441B0100BF22EF /* Frameworks */ = {
			isa = PBXFrameworksBuildPhase;
			buildActionMask = 2147483647;
			files = (
				8FD11BBC1A44C5B500C305FD /* CoreLocation.framework in Frameworks */,
				8F38739C1A441B0100BF22EF /* CoreGraphics.framework in Frameworks */,
				8F38739E1A441B0100BF22EF /* UIKit.framework in Frameworks */,
				8F38739A1A441B0100BF22EF /* Foundation.framework in Frameworks */,
			);
			runOnlyForDeploymentPostprocessing = 0;
		};
		8F3873B41A441B0200BF22EF /* Frameworks */ = {
			isa = PBXFrameworksBuildPhase;
			buildActionMask = 2147483647;
			files = (
				8F3873B91A441B0200BF22EF /* XCTest.framework in Frameworks */,
				8F3873BB1A441B0200BF22EF /* UIKit.framework in Frameworks */,
				8F3873BA1A441B0200BF22EF /* Foundation.framework in Frameworks */,
			);
			runOnlyForDeploymentPostprocessing = 0;
		};
/* End PBXFrameworksBuildPhase section */

/* Begin PBXGroup section */
		8F38738D1A441B0100BF22EF = {
			isa = PBXGroup;
			children = (
				8F38739F1A441B0100BF22EF /* Restaurant List */,
				8F3873BE1A441B0200BF22EF /* Restaurant ListTests */,
				8FD11BB81A44418900C305FD /* Images */,
				8FD11B801A44215800C305FD /* Ext */,
				8F3873981A441B0100BF22EF /* Frameworks */,
				8F3873971A441B0100BF22EF /* Products */,
			);
			sourceTree = "<group>";
		};
		8F3873971A441B0100BF22EF /* Products */ = {
			isa = PBXGroup;
			children = (
				8F3873961A441B0100BF22EF /* Restaurant List.app */,
				8F3873B71A441B0200BF22EF /* Restaurant ListTests.xctest */,
			);
			name = Products;
			sourceTree = "<group>";
		};
		8F3873981A441B0100BF22EF /* Frameworks */ = {
			isa = PBXGroup;
			children = (
				8FD11BBB1A44C5B500C305FD /* CoreLocation.framework */,
				8F3873991A441B0100BF22EF /* Foundation.framework */,
				8F38739B1A441B0100BF22EF /* CoreGraphics.framework */,
				8F38739D1A441B0100BF22EF /* UIKit.framework */,
				8F3873B81A441B0200BF22EF /* XCTest.framework */,
			);
			name = Frameworks;
			sourceTree = "<group>";
		};
		8F38739F1A441B0100BF22EF /* Restaurant List */ = {
			isa = PBXGroup;
			children = (
				8F3873A81A441B0100BF22EF /* AppDelegate.h */,
				8F3873A91A441B0100BF22EF /* AppDelegate.m */,
				8F3873CE1A441B9600BF22EF /* RestaurantListViewController.h */,
				8F3873CF1A441B9600BF22EF /* RestaurantListViewController.m */,
				8F3873D01A441B9600BF22EF /* RestaurantListViewController.xib */,
				8F3873B11A441B0200BF22EF /* Images.xcassets */,
				8F3873A01A441B0100BF22EF /* Supporting Files */,
			);
			path = "Restaurant List";
			sourceTree = "<group>";
		};
		8F3873A01A441B0100BF22EF /* Supporting Files */ = {
			isa = PBXGroup;
			children = (
				8F3873A11A441B0100BF22EF /* Restaurant List-Info.plist */,
				8F3873A21A441B0100BF22EF /* InfoPlist.strings */,
				8F3873A51A441B0100BF22EF /* main.m */,
				8F3873A71A441B0100BF22EF /* Restaurant List-Prefix.pch */,
			);
			name = "Supporting Files";
			sourceTree = "<group>";
		};
		8F3873BE1A441B0200BF22EF /* Restaurant ListTests */ = {
			isa = PBXGroup;
			children = (
				8F3873C41A441B0200BF22EF /* Restaurant_ListTests.m */,
				8F3873BF1A441B0200BF22EF /* Supporting Files */,
			);
			path = "Restaurant ListTests";
			sourceTree = "<group>";
		};
		8F3873BF1A441B0200BF22EF /* Supporting Files */ = {
			isa = PBXGroup;
			children = (
				8F3873C01A441B0200BF22EF /* Restaurant ListTests-Info.plist */,
				8F3873C11A441B0200BF22EF /* InfoPlist.strings */,
			);
			name = "Supporting Files";
			sourceTree = "<group>";
		};
		8FD11B801A44215800C305FD /* Ext */ = {
			isa = PBXGroup;
			children = (
				8FD11B821A44219600C305FD /* UIKit+AFNetworking */,
				8FD11B811A44218800C305FD /* AFNetworking */,
			);
			name = Ext;
			sourceTree = "<group>";
		};
		8FD11B811A44218800C305FD /* AFNetworking */ = {
			isa = PBXGroup;
			children = (
				8FD11B9C1A4421F200C305FD /* AFHTTPRequestOperation.h */,
				8FD11B9D1A4421F200C305FD /* AFHTTPRequestOperation.m */,
				8FD11B9E1A4421F200C305FD /* AFHTTPRequestOperationManager.h */,
				8FD11B9F1A4421F200C305FD /* AFHTTPRequestOperationManager.m */,
				8FD11BA01A4421F200C305FD /* AFHTTPSessionManager.h */,
				8FD11BA11A4421F200C305FD /* AFHTTPSessionManager.m */,
				8FD11BA21A4421F200C305FD /* AFNetworking.h */,
				8FD11BA31A4421F200C305FD /* AFNetworkReachabilityManager.h */,
				8FD11BA41A4421F200C305FD /* AFNetworkReachabilityManager.m */,
				8FD11BA51A4421F200C305FD /* AFSecurityPolicy.h */,
				8FD11BA61A4421F200C305FD /* AFSecurityPolicy.m */,
				8FD11BA71A4421F200C305FD /* AFURLConnectionOperation.h */,
				8FD11BA81A4421F200C305FD /* AFURLConnectionOperation.m */,
				8FD11BA91A4421F200C305FD /* AFURLRequestSerialization.h */,
				8FD11BAA1A4421F200C305FD /* AFURLRequestSerialization.m */,
				8FD11BAB1A4421F200C305FD /* AFURLResponseSerialization.h */,
				8FD11BAC1A4421F200C305FD /* AFURLResponseSerialization.m */,
				8FD11BAD1A4421F200C305FD /* AFURLSessionManager.h */,
				8FD11BAE1A4421F200C305FD /* AFURLSessionManager.m */,
			);
			name = AFNetworking;
			sourceTree = "<group>";
		};
		8FD11B821A44219600C305FD /* UIKit+AFNetworking */ = {
			isa = PBXGroup;
			children = (
				8FD11B831A4421DC00C305FD /* AFNetworkActivityIndicatorManager.h */,
				8FD11B841A4421DC00C305FD /* AFNetworkActivityIndicatorManager.m */,
				8FD11B851A4421DC00C305FD /* UIActivityIndicatorView+AFNetworking.h */,
				8FD11B861A4421DC00C305FD /* UIActivityIndicatorView+AFNetworking.m */,
				8FD11B871A4421DC00C305FD /* UIAlertView+AFNetworking.h */,
				8FD11B881A4421DC00C305FD /* UIAlertView+AFNetworking.m */,
				8FD11B891A4421DC00C305FD /* UIButton+AFNetworking.h */,
				8FD11B8A1A4421DC00C305FD /* UIButton+AFNetworking.m */,
				8FD11B8B1A4421DC00C305FD /* UIImageView+AFNetworking.h */,
				8FD11B8C1A4421DC00C305FD /* UIImageView+AFNetworking.m */,
				8FD11B8D1A4421DC00C305FD /* UIKit+AFNetworking.h */,
				8FD11B8E1A4421DC00C305FD /* UIProgressView+AFNetworking.h */,
				8FD11B8F1A4421DC00C305FD /* UIProgressView+AFNetworking.m */,
				8FD11B901A4421DC00C305FD /* UIRefreshControl+AFNetworking.h */,
				8FD11B911A4421DC00C305FD /* UIRefreshControl+AFNetworking.m */,
				8FD11B921A4421DC00C305FD /* UIWebView+AFNetworking.h */,
				8FD11B931A4421DC00C305FD /* UIWebView+AFNetworking.m */,
			);
			name = "UIKit+AFNetworking";
			sourceTree = "<group>";
		};
		8FD11BB81A44418900C305FD /* Images */ = {
			isa = PBXGroup;
			children = (
				8FD11BB91A44419D00C305FD /* navbar.png */,
				8FD39A231A453A2300644414 /* bars for menu.png */,
				8FD39A251A462C4B00644414 /* location.png */,
				8FD39A271A462C5600644414 /* current_location.png */,
			);
			name = Images;
			sourceTree = "<group>";
		};
/* End PBXGroup section */

/* Begin PBXNativeTarget section */
		8F3873951A441B0100BF22EF /* Restaurant List */ = {
			isa = PBXNativeTarget;
			buildConfigurationList = 8F3873C81A441B0200BF22EF /* Build configuration list for PBXNativeTarget "Restaurant List" */;
			buildPhases = (
				8F3873921A441B0100BF22EF /* Sources */,
				8F3873931A441B0100BF22EF /* Frameworks */,
				8F3873941A441B0100BF22EF /* Resources */,
			);
			buildRules = (
			);
			dependencies = (
			);
			name = "Restaurant List";
			productName = "Restaurant List";
			productReference = 8F3873961A441B0100BF22EF /* Restaurant List.app */;
			productType = "com.apple.product-type.application";
		};
		8F3873B61A441B0200BF22EF /* Restaurant ListTests */ = {
			isa = PBXNativeTarget;
			buildConfigurationList = 8F3873CB1A441B0200BF22EF /* Build configuration list for PBXNativeTarget "Restaurant ListTests" */;
			buildPhases = (
				8F3873B31A441B0200BF22EF /* Sources */,
				8F3873B41A441B0200BF22EF /* Frameworks */,
				8F3873B51A441B0200BF22EF /* Resources */,
			);
			buildRules = (
			);
			dependencies = (
				8F3873BD1A441B0200BF22EF /* PBXTargetDependency */,
			);
			name = "Restaurant ListTests";
			productName = "Restaurant ListTests";
			productReference = 8F3873B71A441B0200BF22EF /* Restaurant ListTests.xctest */;
			productType = "com.apple.product-type.bundle.unit-test";
		};
/* End PBXNativeTarget section */

/* Begin PBXProject section */
		8F38738E1A441B0100BF22EF /* Project object */ = {
			isa = PBXProject;
			attributes = {
				LastUpgradeCheck = 0510;
				ORGANIZATIONNAME = "Prashant Dwivedi";
				TargetAttributes = {
					8F3873B61A441B0200BF22EF = {
						TestTargetID = 8F3873951A441B0100BF22EF;
					};
				};
			};
			buildConfigurationList = 8F3873911A441B0100BF22EF /* Build configuration list for PBXProject "Restaurant List" */;
			compatibilityVersion = "Xcode 3.2";
			developmentRegion = English;
			hasScannedForEncodings = 0;
			knownRegions = (
				en,
				Base,
			);
			mainGroup = 8F38738D1A441B0100BF22EF;
			productRefGroup = 8F3873971A441B0100BF22EF /* Products */;
			projectDirPath = "";
			projectRoot = "";
			targets = (
				8F3873951A441B0100BF22EF /* Restaurant List */,
				8F3873B61A441B0200BF22EF /* Restaurant ListTests */,
			);
		};
/* End PBXProject section */

/* Begin PBXResourcesBuildPhase section */
		8F3873941A441B0100BF22EF /* Resources */ = {
			isa = PBXResourcesBuildPhase;
			buildActionMask = 2147483647;
			files = (
				8FD39A241A453A2300644414 /* bars for menu.png in Resources */,
				8FD39A281A462C5600644414 /* current_location.png in Resources */,
				8F3873B21A441B0200BF22EF /* Images.xcassets in Resources */,
				8F3873A41A441B0100BF22EF /* InfoPlist.strings in Resources */,
				8F3873D21A441B9600BF22EF /* RestaurantListViewController.xib in Resources */,
				8FD39A261A462C4B00644414 /* location.png in Resources */,
				8FD11BBA1A44419D00C305FD /* navbar.png in Resources */,
			);
			runOnlyForDeploymentPostprocessing = 0;
		};
		8F3873B51A441B0200BF22EF /* Resources */ = {
			isa = PBXResourcesBuildPhase;
			buildActionMask = 2147483647;
			files = (
				8F3873C31A441B0200BF22EF /* InfoPlist.strings in Resources */,
			);
			runOnlyForDeploymentPostprocessing = 0;
		};
/* End PBXResourcesBuildPhase section */

/* Begin PBXSourcesBuildPhase section */
		8F3873921A441B0100BF22EF /* Sources */ = {
			isa = PBXSourcesBuildPhase;
			buildActionMask = 2147483647;
			files = (
				8FD11BAF1A4421F200C305FD /* AFHTTPRequestOperation.m in Sources */,
				8FD11B961A4421DC00C305FD /* UIAlertView+AFNetworking.m in Sources */,
				8FD11B941A4421DC00C305FD /* AFNetworkActivityIndicatorManager.m in Sources */,
				8FD11B9A1A4421DC00C305FD /* UIRefreshControl+AFNetworking.m in Sources */,
				8FD11B971A4421DC00C305FD /* UIButton+AFNetworking.m in Sources */,
				8FD11BB71A4421F200C305FD /* AFURLSessionManager.m in Sources */,
				8FD11BB11A4421F200C305FD /* AFHTTPSessionManager.m in Sources */,
				8FD11B981A4421DC00C305FD /* UIImageView+AFNetworking.m in Sources */,
				8FD11BB21A4421F200C305FD /* AFNetworkReachabilityManager.m in Sources */,
				8FD11B9B1A4421DC00C305FD /* UIWebView+AFNetworking.m in Sources */,
				8FD11BB61A4421F200C305FD /* AFURLResponseSerialization.m in Sources */,
				8FD11BB51A4421F200C305FD /* AFURLRequestSerialization.m in Sources */,
				8FD11BB41A4421F200C305FD /* AFURLConnectionOperation.m in Sources */,
				8FD11BB01A4421F200C305FD /* AFHTTPRequestOperationManager.m in Sources */,
				8FD11B991A4421DC00C305FD /* UIProgressView+AFNetworking.m in Sources */,
				8FD11B951A4421DC00C305FD /* UIActivityIndicatorView+AFNetworking.m in Sources */,
				8FD11BB31A4421F200C305FD /* AFSecurityPolicy.m in Sources */,
				8F3873AA1A441B0100BF22EF /* AppDelegate.m in Sources */,
				8F3873D11A441B9600BF22EF /* RestaurantListViewController.m in Sources */,
				8F3873A61A441B0100BF22EF /* main.m in Sources */,
			);
			runOnlyForDeploymentPostprocessing = 0;
		};
		8F3873B31A441B0200BF22EF /* Sources */ = {
			isa = PBXSourcesBuildPhase;
			buildActionMask = 2147483647;
			files = (
				8F3873C51A441B0200BF22EF /* Restaurant_ListTests.m in Sources */,
			);
			runOnlyForDeploymentPostprocessing = 0;
		};
/* End PBXSourcesBuildPhase section */

/* Begin PBXTargetDependency section */
		8F3873BD1A441B0200BF22EF /* PBXTargetDependency */ = {
			isa = PBXTargetDependency;
			target = 8F3873951A441B0100BF22EF /* Restaurant List */;
			targetProxy = 8F3873BC1A441B0200BF22EF /* PBXContainerItemProxy */;
		};
/* End PBXTargetDependency section */

/* Begin PBXVariantGroup section */
		8F3873A21A441B0100BF22EF /* InfoPlist.strings */ = {
			isa = PBXVariantGroup;
			children = (
				8F3873A31A441B0100BF22EF /* en */,
			);
			name = InfoPlist.strings;
			sourceTree = "<group>";
		};
		8F3873C11A441B0200BF22EF /* InfoPlist.strings */ = {
			isa = PBXVariantGroup;
			children = (
				8F3873C21A441B0200BF22EF /* en */,
			);
			name = InfoPlist.strings;
			sourceTree = "<group>";
		};
/* End PBXVariantGroup section */

/* Begin XCBuildConfiguration section */
		8F3873C61A441B0200BF22EF /* Debug */ = {
			isa = XCBuildConfiguration;
			buildSettings = {
				ALWAYS_SEARCH_USER_PATHS = NO;
				CLANG_CXX_LANGUAGE_STANDARD = "gnu++0x";
				CLANG_CXX_LIBRARY = "libc++";
				CLANG_ENABLE_MODULES = YES;
				CLANG_ENABLE_OBJC_ARC = YES;
				CLANG_WARN_BOOL_CONVERSION = YES;
				CLANG_WARN_CONSTANT_CONVERSION = YES;
				CLANG_WARN_DIRECT_OBJC_ISA_USAGE = YES_ERROR;
				CLANG_WARN_EMPTY_BODY = YES;
				CLANG_WARN_ENUM_CONVERSION = YES;
				CLANG_WARN_INT_CONVERSION = YES;
				CLANG_WARN_OBJC_ROOT_CLASS = YES_ERROR;
				CLANG_WARN__DUPLICATE_METHOD_MATCH = YES;
				"CODE_SIGN_IDENTITY[sdk=iphoneos*]" = "iPhone Developer";
				COPY_PHASE_STRIP = NO;
				GCC_C_LANGUAGE_STANDARD = gnu99;
				GCC_DYNAMIC_NO_PIC = NO;
				GCC_OPTIMIZATION_LEVEL = 0;
				GCC_PREPROCESSOR_DEFINITIONS = (
					"DEBUG=1",
					"$(inherited)",
				);
				GCC_SYMBOLS_PRIVATE_EXTERN = NO;
				GCC_WARN_64_TO_32_BIT_CONVERSION = YES;
				GCC_WARN_ABOUT_RETURN_TYPE = YES_ERROR;
				GCC_WARN_UNDECLARED_SELECTOR = YES;
				GCC_WARN_UNINITIALIZED_AUTOS = YES_AGGRESSIVE;
				GCC_WARN_UNUSED_FUNCTION = YES;
				GCC_WARN_UNUSED_VARIABLE = YES;
				IPHONEOS_DEPLOYMENT_TARGET = 7.1;
				ONLY_ACTIVE_ARCH = YES;
				SDKROOT = iphoneos;
			};
			name = Debug;
		};
		8F3873C71A441B0200BF22EF /* Release */ = {
			isa = XCBuildConfiguration;
			buildSettings = {
				ALWAYS_SEARCH_USER_PATHS = NO;
				CLANG_CXX_LANGUAGE_STANDARD = "gnu++0x";
				CLANG_CXX_LIBRARY = "libc++";
				CLANG_ENABLE_MODULES = YES;
				CLANG_ENABLE_OBJC_ARC = YES;
				CLANG_WARN_BOOL_CONVERSION = YES;
				CLANG_WARN_CONSTANT_CONVERSION = YES;
				CLANG_WARN_DIRECT_OBJC_ISA_USAGE = YES_ERROR;
				CLANG_WARN_EMPTY_BODY = YES;
				CLANG_WARN_ENUM_CONVERSION = YES;
				CLANG_WARN_INT_CONVERSION = YES;
				CLANG_WARN_OBJC_ROOT_CLASS = YES_ERROR;
				CLANG_WARN__DUPLICATE_METHOD_MATCH = YES;
				"CODE_SIGN_IDENTITY[sdk=iphoneos*]" = "iPhone Developer";
				COPY_PHASE_STRIP = YES;
				ENABLE_NS_ASSERTIONS = NO;
				GCC_C_LANGUAGE_STANDARD = gnu99;
				GCC_WARN_64_TO_32_BIT_CONVERSION = YES;
				GCC_WARN_ABOUT_RETURN_TYPE = YES_ERROR;
				GCC_WARN_UNDECLARED_SELECTOR = YES;
				GCC_WARN_UNINITIALIZED_AUTOS = YES_AGGRESSIVE;
				GCC_WARN_UNUSED_FUNCTION = YES;
				GCC_WARN_UNUSED_VARIABLE = YES;
				IPHONEOS_DEPLOYMENT_TARGET = 7.1;
				SDKROOT = iphoneos;
				VALIDATE_PRODUCT = YES;
			};
			name = Release;
		};
		8F3873C91A441B0200BF22EF /* Debug */ = {
			isa = XCBuildConfiguration;
			buildSettings = {
				ASSETCATALOG_COMPILER_APPICON_NAME = AppIcon;
				ASSETCATALOG_COMPILER_LAUNCHIMAGE_NAME = LaunchImage;
				GCC_PRECOMPILE_PREFIX_HEADER = YES;
				GCC_PREFIX_HEADER = "Restaurant List/Restaurant List-Prefix.pch";
				INFOPLIST_FILE = "Restaurant List/Restaurant List-Info.plist";
				PRODUCT_NAME = "$(TARGET_NAME)";
				WRAPPER_EXTENSION = app;
			};
			name = Debug;
		};
		8F3873CA1A441B0200BF22EF /* Release */ = {
			isa = XCBuildConfiguration;
			buildSettings = {
				ASSETCATALOG_COMPILER_APPICON_NAME = AppIcon;
				ASSETCATALOG_COMPILER_LAUNCHIMAGE_NAME = LaunchImage;
				GCC_PRECOMPILE_PREFIX_HEADER = YES;
				GCC_PREFIX_HEADER = "Restaurant List/Restaurant List-Prefix.pch";
				INFOPLIST_FILE = "Restaurant List/Restaurant List-Info.plist";
				PRODUCT_NAME = "$(TARGET_NAME)";
				WRAPPER_EXTENSION = app;
			};
			name = Release;
		};
		8F3873CC1A441B0200BF22EF /* Debug */ = {
			isa = XCBuildConfiguration;
			buildSettings = {
				BUNDLE_LOADER = "$(BUILT_PRODUCTS_DIR)/Restaurant List.app/Restaurant List";
				FRAMEWORK_SEARCH_PATHS = (
					"$(SDKROOT)/Developer/Library/Frameworks",
					"$(inherited)",
					"$(DEVELOPER_FRAMEWORKS_DIR)",
				);
				GCC_PRECOMPILE_PREFIX_HEADER = YES;
				GCC_PREFIX_HEADER = "Restaurant List/Restaurant List-Prefix.pch";
				GCC_PREPROCESSOR_DEFINITIONS = (
					"DEBUG=1",
					"$(inherited)",
				);
				INFOPLIST_FILE = "Restaurant ListTests/Restaurant ListTests-Info.plist";
				PRODUCT_NAME = "$(TARGET_NAME)";
				TEST_HOST = "$(BUNDLE_LOADER)";
				WRAPPER_EXTENSION = xctest;
			};
			name = Debug;
		};
		8F3873CD1A441B0200BF22EF /* Release */ = {
			isa = XCBuildConfiguration;
			buildSettings = {
				BUNDLE_LOADER = "$(BUILT_PRODUCTS_DIR)/Restaurant List.app/Restaurant List";
				FRAMEWORK_SEARCH_PATHS = (
					"$(SDKROOT)/Developer/Library/Frameworks",
					"$(inherited)",
					"$(DEVELOPER_FRAMEWORKS_DIR)",
				);
				GCC_PRECOMPILE_PREFIX_HEADER = YES;
				GCC_PREFIX_HEADER = "Restaurant List/Restaurant List-Prefix.pch";
				INFOPLIST_FILE = "Restaurant ListTests/Restaurant ListTests-Info.plist";
				PRODUCT_NAME = "$(TARGET_NAME)";
				TEST_HOST = "$(BUNDLE_LOADER)";
				WRAPPER_EXTENSION = xctest;
			};
			name = Release;
		};
/* End XCBuildConfiguration section */

/* Begin XCConfigurationList section */
		8F3873911A441B0100BF22EF /* Build configuration list for PBXProject "Restaurant List" */ = {
			isa = XCConfigurationList;
			buildConfigurations = (
				8F3873C61A441B0200BF22EF /* Debug */,
				8F3873C71A441B0200BF22EF /* Release */,
			);
			defaultConfigurationIsVisible = 0;
			defaultConfigurationName = Release;
		};
		8F3873C81A441B0200BF22EF /* Build configuration list for PBXNativeTarget "Restaurant List" */ = {
			isa = XCConfigurationList;
			buildConfigurations = (
				8F3873C91A441B0200BF22EF /* Debug */,
				8F3873CA1A441B0200BF22EF /* Release */,
			);
			defaultConfigurationIsVisible = 0;
			defaultConfigurationName = Release;
		};
		8F3873CB1A441B0200BF22EF /* Build configuration list for PBXNativeTarget "Restaurant ListTests" */ = {
			isa = XCConfigurationList;
			buildConfigurations = (
				8F3873CC1A441B0200BF22EF /* Debug */,
				8F3873CD1A441B0200BF22EF /* Release */,
			);
			defaultConfigurationIsVisible = 0;
			defaultConfigurationName = Release;
		};
/* End XCConfigurationList section */
	};
	rootObject = 8F38738E1A441B0100BF22EF /* Project object */;
}
